
Microsoft Visual Studio Solution File, Format Version 12.00
# Visual Studio 15
VisualStudioVersion = 15.0.28307.572
MinimumVisualStudioVersion = 10.0.40219.1
Project("{FAE04EC0-301F-11D3-BF4B-00C04F79EFBC}") = "Students.Web", "Students.Web\Students.Web.csproj", "{00AC8617-2276-46DA-B24F-A132A4E198C7}"
EndProject
Project("{FAE04EC0-301F-11D3-BF4B-00C04F79EFBC}") = "Students.API_", "Students.API_\Students.API_.csproj", "{1F225A71-1935-404D-9E75-D273F1D3B3A5}"
EndProject
Project("{FAE04EC0-301F-11D3-BF4B-00C04F79EFBC}") = "CollegeEFDB", "..\..\CollegeEFDB\CollegeEFDB\CollegeEFDB.csproj", "{4A9FDDD3-03EE-4D71-B70B-9F6493C3307A}"
EndProject
Global
	GlobalSection(SolutionConfigurationPlatforms) = preSolution
		Debug|Any CPU = Debug|Any CPU
		Release|Any CPU = Release|Any CPU
	EndGlobalSection
	GlobalSection(ProjectConfigurationPlatforms) = postSolution
		{00AC8617-2276-46DA-B24F-A132A4E198C7}.Debug|Any CPU.ActiveCfg = Debug|Any CPU
		{00AC8617-2276-46DA-B24F-A132A4E198C7}.Debug|Any CPU.Build.0 = Debug|Any CPU
		{00AC8617-2276-46DA-B24F-A132A4E198C7}.Release|Any CPU.ActiveCfg = Release|Any CPU
		{00AC8617-2276-46DA-B24F-A132A4E198C7}.Release|Any CPU.Build.0 = Release|Any CPU
		{1F225A71-1935-404D-9E75-D273F1D3B3A5}.Debug|Any CPU.ActiveCfg = Debug|Any CPU
		{1F225A71-1935-404D-9E75-D273F1D3B3A5}.Debug|Any CPU.Build.0 = Debug|Any CPU
		{1F225A71-1935-404D-9E75-D273F1D3B3A5}.Release|Any CPU.ActiveCfg = Release|Any CPU
		{1F225A71-1935-404D-9E75-D273F1D3B3A5}.Release|Any CPU.Build.0 = Release|Any CPU
		{4A9FDDD3-03EE-4D71-B70B-9F6493C3307A}.Debug|Any CPU.ActiveCfg = Debug|Any CPU
		{4A9FDDD3-03EE-4D71-B70B-9F6493C3307A}.Debug|Any CPU.Build.0 = Debug|Any CPU
		{4A9FDDD3-03EE-4D71-B70B-9F6493C3307A}.Release|Any CPU.ActiveCfg = Release|Any CPU
		{4A9FDDD3-03EE-4D71-B70B-9F6493C3307A}.Release|Any CPU.Build.0 = Release|Any CPU
	EndGlobalSection
	GlobalSection(SolutionProperties) = preSolution
		HideSolutionNode = FALSE
	EndGlobalSection
	GlobalSection(ExtensibilityGlobals) = postSolution
		SolutionGuid = {D0B0F4BD-D0B4-40C7-88E6-5A981A52A0A2}
	EndGlobalSection
EndGlobal
